
Microsoft Visual Studio Solution File, Format Version 12.00
# Visual Studio Version 17
VisualStudioVersion = 17.7.34221.43
MinimumVisualStudioVersion = 10.0.40219.1
Project("{FAE04EC0-301F-11D3-BF4B-00C04F79EFBC}") = "RAI_Proj_2", "RAI_Proj_2.csproj", "{7621ADBA-F5DD-441A-BEBE-120A1F03DEA7}"
EndProject
Global
	GlobalSection(SolutionConfigurationPlatforms) = preSolution
		Debug|Any CPU = Debug|Any CPU
		Release|Any CPU = Release|Any CPU
	EndGlobalSection
	GlobalSection(ProjectConfigurationPlatforms) = postSolution
		{7621ADBA-F5DD-441A-BEBE-120A1F03DEA7}.Debug|Any CPU.ActiveCfg = Debug|Any CPU
		{7621ADBA-F5DD-441A-BEBE-120A1F03DEA7}.Debug|Any CPU.Build.0 = Debug|Any CPU
		{7621ADBA-F5DD-441A-BEBE-120A1F03DEA7}.Release|Any CPU.ActiveCfg = Release|Any CPU
		{7621ADBA-F5DD-441A-BEBE-120A1F03DEA7}.Release|Any CPU.Build.0 = Release|Any CPU
	EndGlobalSection
	GlobalSection(SolutionProperties) = preSolution
		HideSolutionNode = FALSE
	EndGlobalSection
	GlobalSection(ExtensibilityGlobals) = postSolution
		SolutionGuid = {36DB1887-AB28-434A-B52A-0516A9C64D8E}
	EndGlobalSection
EndGlobal
